// !$*UTF8*$!
{
	archiveVersion = 1;
	classes = {
	};
	objectVersion = 52;
	objects = {

/* Begin PBXBuildFile section */
		A83276B32A3CEB980081D5A0 /* MainTabView.swift in Sources */ = {isa = PBXBuildFile; fileRef = A83276B22A3CEB980081D5A0 /* MainTabView.swift */; };
		A83276BB2A3CED4F0081D5A0 /* FeedView.swift in Sources */ = {isa = PBXBuildFile; fileRef = A83276BA2A3CED4F0081D5A0 /* FeedView.swift */; };
		A83276BE2A3CED6B0081D5A0 /* WorkoutView.swift in Sources */ = {isa = PBXBuildFile; fileRef = A83276BD2A3CED6B0081D5A0 /* WorkoutView.swift */; };
		A83276C12A3CED7A0081D5A0 /* BMIView.swift in Sources */ = {isa = PBXBuildFile; fileRef = A83276C02A3CED7A0081D5A0 /* BMIView.swift */; };
		A83276C42A3CED910081D5A0 /* UploadPostView.swift in Sources */ = {isa = PBXBuildFile; fileRef = A83276C32A3CED910081D5A0 /* UploadPostView.swift */; };
		A83276C72A3CED9F0081D5A0 /* ProfileView.swift in Sources */ = {isa = PBXBuildFile; fileRef = A83276C62A3CED9F0081D5A0 /* ProfileView.swift */; };
		A83276CC2A3CF7750081D5A0 /* FeedCell.swift in Sources */ = {isa = PBXBuildFile; fileRef = A83276CB2A3CF7750081D5A0 /* FeedCell.swift */; };
		A8CE19ED2A1327DB009DB7F6 /* CarnavalFitnessApp.swift in Sources */ = {isa = PBXBuildFile; fileRef = A8CE19EC2A1327DB009DB7F6 /* CarnavalFitnessApp.swift */; };
		A8CE19EF2A1327DB009DB7F6 /* ContentView.swift in Sources */ = {isa = PBXBuildFile; fileRef = A8CE19EE2A1327DB009DB7F6 /* ContentView.swift */; };
		A8CE19F12A1327DD009DB7F6 /* Assets.xcassets in Resources */ = {isa = PBXBuildFile; fileRef = A8CE19F02A1327DD009DB7F6 /* Assets.xcassets */; };
		A8CE19F42A1327DD009DB7F6 /* Preview Assets.xcassets in Resources */ = {isa = PBXBuildFile; fileRef = A8CE19F32A1327DD009DB7F6 /* Preview Assets.xcassets */; };
		A8CE1A042A132C0D009DB7F6 /* Kingfisher in Frameworks */ = {isa = PBXBuildFile; productRef = A8CE1A032A132C0D009DB7F6 /* Kingfisher */; };
		A8CE1A072A132D52009DB7F6 /* GoogleService-Info.plist in Resources */ = {isa = PBXBuildFile; fileRef = A8CE1A062A132D52009DB7F6 /* GoogleService-Info.plist */; };
/* End PBXBuildFile section */

/* Begin PBXFileReference section */
		A83276B22A3CEB980081D5A0 /* MainTabView.swift */ = {isa = PBXFileReference; lastKnownFileType = sourcecode.swift; path = MainTabView.swift; sourceTree = "<group>"; };
		A83276BA2A3CED4F0081D5A0 /* FeedView.swift */ = {isa = PBXFileReference; lastKnownFileType = sourcecode.swift; path = FeedView.swift; sourceTree = "<group>"; };
		A83276BD2A3CED6B0081D5A0 /* WorkoutView.swift */ = {isa = PBXFileReference; lastKnownFileType = sourcecode.swift; path = WorkoutView.swift; sourceTree = "<group>"; };
		A83276C02A3CED7A0081D5A0 /* BMIView.swift */ = {isa = PBXFileReference; lastKnownFileType = sourcecode.swift; path = BMIView.swift; sourceTree = "<group>"; };
		A83276C32A3CED910081D5A0 /* UploadPostView.swift */ = {isa = PBXFileReference; lastKnownFileType = sourcecode.swift; path = UploadPostView.swift; sourceTree = "<group>"; };
		A83276C62A3CED9F0081D5A0 /* ProfileView.swift */ = {isa = PBXFileReference; lastKnownFileType = sourcecode.swift; path = ProfileView.swift; sourceTree = "<group>"; };
		A83276CB2A3CF7750081D5A0 /* FeedCell.swift */ = {isa = PBXFileReference; lastKnownFileType = sourcecode.swift; path = FeedCell.swift; sourceTree = "<group>"; };
		A8CE19E92A1327DB009DB7F6 /* CarnavalFitness.app */ = {isa = PBXFileReference; explicitFileType = wrapper.application; includeInIndex = 0; path = CarnavalFitness.app; sourceTree = BUILT_PRODUCTS_DIR; };
		A8CE19EC2A1327DB009DB7F6 /* CarnavalFitnessApp.swift */ = {isa = PBXFileReference; lastKnownFileType = sourcecode.swift; path = CarnavalFitnessApp.swift; sourceTree = "<group>"; };
		A8CE19EE2A1327DB009DB7F6 /* ContentView.swift */ = {isa = PBXFileReference; lastKnownFileType = sourcecode.swift; path = ContentView.swift; sourceTree = "<group>"; };
		A8CE19F02A1327DD009DB7F6 /* Assets.xcassets */ = {isa = PBXFileReference; lastKnownFileType = folder.assetcatalog; path = Assets.xcassets; sourceTree = "<group>"; };
		A8CE19F32A1327DD009DB7F6 /* Preview Assets.xcassets */ = {isa = PBXFileReference; lastKnownFileType = folder.assetcatalog; path = "Preview Assets.xcassets"; sourceTree = "<group>"; };
		A8CE19F52A1327DD009DB7F6 /* Info.plist */ = {isa = PBXFileReference; lastKnownFileType = text.plist.xml; path = Info.plist; sourceTree = "<group>"; };
		A8CE1A062A132D52009DB7F6 /* GoogleService-Info.plist */ = {isa = PBXFileReference; fileEncoding = 4; lastKnownFileType = text.plist.xml; path = "GoogleService-Info.plist"; sourceTree = "<group>"; };
/* End PBXFileReference section */

/* Begin PBXFrameworksBuildPhase section */
		A8CE19E62A1327DB009DB7F6 /* Frameworks */ = {
			isa = PBXFrameworksBuildPhase;
			buildActionMask = 2147483647;
			files = (
				A8CE1A042A132C0D009DB7F6 /* Kingfisher in Frameworks */,
			);
			runOnlyForDeploymentPostprocessing = 0;
		};
/* End PBXFrameworksBuildPhase section */

/* Begin PBXGroup section */
		A83276B52A3CED170081D5A0 /* Feed */ = {
			isa = PBXGroup;
			children = (
				A83276BA2A3CED4F0081D5A0 /* FeedView.swift */,
				A83276CB2A3CF7750081D5A0 /* FeedCell.swift */,
			);
			path = Feed;
			sourceTree = "<group>";
		};
		A83276B62A3CED240081D5A0 /* Workouts */ = {
			isa = PBXGroup;
			children = (
				A83276BD2A3CED6B0081D5A0 /* WorkoutView.swift */,
			);
			path = Workouts;
			sourceTree = "<group>";
		};
		A83276B72A3CED2B0081D5A0 /* BMI */ = {
			isa = PBXGroup;
			children = (
				A83276C02A3CED7A0081D5A0 /* BMIView.swift */,
			);
			path = BMI;
			sourceTree = "<group>";
		};
		A83276B82A3CED360081D5A0 /* Profile */ = {
			isa = PBXGroup;
			children = (
				A83276C62A3CED9F0081D5A0 /* ProfileView.swift */,
			);
			path = Profile;
			sourceTree = "<group>";
		};
		A83276B92A3CED3C0081D5A0 /* UploadPost */ = {
			isa = PBXGroup;
			children = (
				A83276C32A3CED910081D5A0 /* UploadPostView.swift */,
			);
			path = UploadPost;
			sourceTree = "<group>";
		};
		A8CE19E02A1327DB009DB7F6 = {
			isa = PBXGroup;
			children = (
				A8CE19EB2A1327DB009DB7F6 /* CarnavalFitness */,
				A8CE19EA2A1327DB009DB7F6 /* Products */,
			);
			sourceTree = "<group>";
		};
		A8CE19EA2A1327DB009DB7F6 /* Products */ = {
			isa = PBXGroup;
			children = (
				A8CE19E92A1327DB009DB7F6 /* CarnavalFitness.app */,
			);
			name = Products;
			sourceTree = "<group>";
		};
		A8CE19EB2A1327DB009DB7F6 /* CarnavalFitness */ = {
			isa = PBXGroup;
			children = (
				A8CE1A012A13298C009DB7F6 /* App */,
				A8CE19FF2A132981009DB7F6 /* Utils */,
				A8CE19FE2A13297C009DB7F6 /* Models */,
				A8CE19FD2A132977009DB7F6 /* Views */,
				A8CE19FC2A132972009DB7F6 /* ViewModels */,
				A8CE19F02A1327DD009DB7F6 /* Assets.xcassets */,
				A8CE19F52A1327DD009DB7F6 /* Info.plist */,
				A8CE1A062A132D52009DB7F6 /* GoogleService-Info.plist */,
				A8CE19F22A1327DD009DB7F6 /* Preview Content */,
			);
			path = CarnavalFitness;
			sourceTree = "<group>";
		};
		A8CE19F22A1327DD009DB7F6 /* Preview Content */ = {
			isa = PBXGroup;
			children = (
				A8CE19F32A1327DD009DB7F6 /* Preview Assets.xcassets */,
			);
			path = "Preview Content";
			sourceTree = "<group>";
		};
		A8CE19FC2A132972009DB7F6 /* ViewModels */ = {
			isa = PBXGroup;
			children = (
			);
			path = ViewModels;
			sourceTree = "<group>";
		};
		A8CE19FD2A132977009DB7F6 /* Views */ = {
			isa = PBXGroup;
			children = (
				A83276B92A3CED3C0081D5A0 /* UploadPost */,
				A83276B82A3CED360081D5A0 /* Profile */,
				A83276B72A3CED2B0081D5A0 /* BMI */,
				A83276B62A3CED240081D5A0 /* Workouts */,
				A83276B52A3CED170081D5A0 /* Feed */,
				A83276B22A3CEB980081D5A0 /* MainTabView.swift */,
			);
			path = Views;
			sourceTree = "<group>";
		};
		A8CE19FE2A13297C009DB7F6 /* Models */ = {
			isa = PBXGroup;
			children = (
			);
			path = Models;
			sourceTree = "<group>";
		};
		A8CE19FF2A132981009DB7F6 /* Utils */ = {
			isa = PBXGroup;
			children = (
			);
			path = Utils;
			sourceTree = "<group>";
		};
		A8CE1A012A13298C009DB7F6 /* App */ = {
			isa = PBXGroup;
			children = (
				A8CE19EC2A1327DB009DB7F6 /* CarnavalFitnessApp.swift */,
				A8CE19EE2A1327DB009DB7F6 /* ContentView.swift */,
			);
			path = App;
			sourceTree = "<group>";
		};
/* End PBXGroup section */

/* Begin PBXNativeTarget section */
		A8CE19E82A1327DB009DB7F6 /* CarnavalFitness */ = {
			isa = PBXNativeTarget;
			buildConfigurationList = A8CE19F82A1327DD009DB7F6 /* Build configuration list for PBXNativeTarget "CarnavalFitness" */;
			buildPhases = (
				A8CE19E52A1327DB009DB7F6 /* Sources */,
				A8CE19E62A1327DB009DB7F6 /* Frameworks */,
				A8CE19E72A1327DB009DB7F6 /* Resources */,
			);
			buildRules = (
			);
			dependencies = (
			);
			name = CarnavalFitness;
			packageProductDependencies = (
				A8CE1A032A132C0D009DB7F6 /* Kingfisher */,
			);
			productName = CarnavalFitness;
			productReference = A8CE19E92A1327DB009DB7F6 /* CarnavalFitness.app */;
			productType = "com.apple.product-type.application";
		};
/* End PBXNativeTarget section */

/* Begin PBXProject section */
		A8CE19E12A1327DB009DB7F6 /* Project object */ = {
			isa = PBXProject;
			attributes = {
				LastSwiftUpdateCheck = 1240;
				LastUpgradeCheck = 1240;
				TargetAttributes = {
					A8CE19E82A1327DB009DB7F6 = {
						CreatedOnToolsVersion = 12.4;
					};
				};
			};
			buildConfigurationList = A8CE19E42A1327DB009DB7F6 /* Build configuration list for PBXProject "CarnavalFitness" */;
			compatibilityVersion = "Xcode 9.3";
			developmentRegion = en;
			hasScannedForEncodings = 0;
			knownRegions = (
				en,
				Base,
			);
			mainGroup = A8CE19E02A1327DB009DB7F6;
			packageReferences = (
				A8CE1A022A132C0D009DB7F6 /* XCRemoteSwiftPackageReference "Kingfisher" */,
			);
			productRefGroup = A8CE19EA2A1327DB009DB7F6 /* Products */;
			projectDirPath = "";
			projectRoot = "";
			targets = (
				A8CE19E82A1327DB009DB7F6 /* CarnavalFitness */,
			);
		};
/* End PBXProject section */

/* Begin PBXResourcesBuildPhase section */
		A8CE19E72A1327DB009DB7F6 /* Resources */ = {
			isa = PBXResourcesBuildPhase;
			buildActionMask = 2147483647;
			files = (
				A8CE19F42A1327DD009DB7F6 /* Preview Assets.xcassets in Resources */,
				A8CE19F12A1327DD009DB7F6 /* Assets.xcassets in Resources */,
				A8CE1A072A132D52009DB7F6 /* GoogleService-Info.plist in Resources */,
			);
			runOnlyForDeploymentPostprocessing = 0;
		};
/* End PBXResourcesBuildPhase section */

/* Begin PBXSourcesBuildPhase section */
		A8CE19E52A1327DB009DB7F6 /* Sources */ = {
			isa = PBXSourcesBuildPhase;
			buildActionMask = 2147483647;
			files = (
				A83276C72A3CED9F0081D5A0 /* ProfileView.swift in Sources */,
				A83276BB2A3CED4F0081D5A0 /* FeedView.swift in Sources */,
				A8CE19EF2A1327DB009DB7F6 /* ContentView.swift in Sources */,
				A83276C42A3CED910081D5A0 /* UploadPostView.swift in Sources */,
				A8CE19ED2A1327DB009DB7F6 /* CarnavalFitnessApp.swift in Sources */,
				A83276C12A3CED7A0081D5A0 /* BMIView.swift in Sources */,
				A83276B32A3CEB980081D5A0 /* MainTabView.swift in Sources */,
				A83276BE2A3CED6B0081D5A0 /* WorkoutView.swift in Sources */,
				A83276CC2A3CF7750081D5A0 /* FeedCell.swift in Sources */,
			);
			runOnlyForDeploymentPostprocessing = 0;
		};
/* End PBXSourcesBuildPhase section */

/* Begin XCBuildConfiguration section */
		A8CE19F62A1327DD009DB7F6 /* Debug */ = {
			isa = XCBuildConfiguration;
			buildSettings = {
				ALWAYS_SEARCH_USER_PATHS = NO;
				CLANG_ANALYZER_NONNULL = YES;
				CLANG_ANALYZER_NUMBER_OBJECT_CONVERSION = YES_AGGRESSIVE;
				CLANG_CXX_LANGUAGE_STANDARD = "gnu++14";
				CLANG_CXX_LIBRARY = "libc++";
				CLANG_ENABLE_MODULES = YES;
				CLANG_ENABLE_OBJC_ARC = YES;
				CLANG_ENABLE_OBJC_WEAK = YES;
				CLANG_WARN_BLOCK_CAPTURE_AUTORELEASING = YES;
				CLANG_WARN_BOOL_CONVERSION = YES;
				CLANG_WARN_COMMA = YES;
				CLANG_WARN_CONSTANT_CONVERSION = YES;
				CLANG_WARN_DEPRECATED_OBJC_IMPLEMENTATIONS = YES;
				CLANG_WARN_DIRECT_OBJC_ISA_USAGE = YES_ERROR;
				CLANG_WARN_DOCUMENTATION_COMMENTS = YES;
				CLANG_WARN_EMPTY_BODY = YES;
				CLANG_WARN_ENUM_CONVERSION = YES;
				CLANG_WARN_INFINITE_RECURSION = YES;
				CLANG_WARN_INT_CONVERSION = YES;
				CLANG_WARN_NON_LITERAL_NULL_CONVERSION = YES;
				CLANG_WARN_OBJC_IMPLICIT_RETAIN_SELF = YES;
				CLANG_WARN_OBJC_LITERAL_CONVERSION = YES;
				CLANG_WARN_OBJC_ROOT_CLASS = YES_ERROR;
				CLANG_WARN_QUOTED_INCLUDE_IN_FRAMEWORK_HEADER = YES;
				CLANG_WARN_RANGE_LOOP_ANALYSIS = YES;
				CLANG_WARN_STRICT_PROTOTYPES = YES;
				CLANG_WARN_SUSPICIOUS_MOVE = YES;
				CLANG_WARN_UNGUARDED_AVAILABILITY = YES_AGGRESSIVE;
				CLANG_WARN_UNREACHABLE_CODE = YES;
				CLANG_WARN__DUPLICATE_METHOD_MATCH = YES;
				COPY_PHASE_STRIP = NO;
				DEBUG_INFORMATION_FORMAT = dwarf;
				ENABLE_STRICT_OBJC_MSGSEND = YES;
				ENABLE_TESTABILITY = YES;
				GCC_C_LANGUAGE_STANDARD = gnu11;
				GCC_DYNAMIC_NO_PIC = NO;
				GCC_NO_COMMON_BLOCKS = YES;
				GCC_OPTIMIZATION_LEVEL = 0;
				GCC_PREPROCESSOR_DEFINITIONS = (
					"DEBUG=1",
					"$(inherited)",
				);
				GCC_WARN_64_TO_32_BIT_CONVERSION = YES;
				GCC_WARN_ABOUT_RETURN_TYPE = YES_ERROR;
				GCC_WARN_UNDECLARED_SELECTOR = YES;
				GCC_WARN_UNINITIALIZED_AUTOS = YES_AGGRESSIVE;
				GCC_WARN_UNUSED_FUNCTION = YES;
				GCC_WARN_UNUSED_VARIABLE = YES;
				IPHONEOS_DEPLOYMENT_TARGET = 14.4;
				MTL_ENABLE_DEBUG_INFO = INCLUDE_SOURCE;
				MTL_FAST_MATH = YES;
				ONLY_ACTIVE_ARCH = YES;
				SDKROOT = iphoneos;
				SWIFT_ACTIVE_COMPILATION_CONDITIONS = DEBUG;
				SWIFT_OPTIMIZATION_LEVEL = "-Onone";
			};
			name = Debug;
		};
		A8CE19F72A1327DD009DB7F6 /* Release */ = {
			isa = XCBuildConfiguration;
			buildSettings = {
				ALWAYS_SEARCH_USER_PATHS = NO;
				CLANG_ANALYZER_NONNULL = YES;
				CLANG_ANALYZER_NUMBER_OBJECT_CONVERSION = YES_AGGRESSIVE;
				CLANG_CXX_LANGUAGE_STANDARD = "gnu++14";
				CLANG_CXX_LIBRARY = "libc++";
				CLANG_ENABLE_MODULES = YES;
				CLANG_ENABLE_OBJC_ARC = YES;
				CLANG_ENABLE_OBJC_WEAK = YES;
				CLANG_WARN_BLOCK_CAPTURE_AUTORELEASING = YES;
				CLANG_WARN_BOOL_CONVERSION = YES;
				CLANG_WARN_COMMA = YES;
				CLANG_WARN_CONSTANT_CONVERSION = YES;
				CLANG_WARN_DEPRECATED_OBJC_IMPLEMENTATIONS = YES;
				CLANG_WARN_DIRECT_OBJC_ISA_USAGE = YES_ERROR;
				CLANG_WARN_DOCUMENTATION_COMMENTS = YES;
				CLANG_WARN_EMPTY_BODY = YES;
				CLANG_WARN_ENUM_CONVERSION = YES;
				CLANG_WARN_INFINITE_RECURSION = YES;
				CLANG_WARN_INT_CONVERSION = YES;
				CLANG_WARN_NON_LITERAL_NULL_CONVERSION = YES;
				CLANG_WARN_OBJC_IMPLICIT_RETAIN_SELF = YES;
				CLANG_WARN_OBJC_LITERAL_CONVERSION = YES;
				CLANG_WARN_OBJC_ROOT_CLASS = YES_ERROR;
				CLANG_WARN_QUOTED_INCLUDE_IN_FRAMEWORK_HEADER = YES;
				CLANG_WARN_RANGE_LOOP_ANALYSIS = YES;
				CLANG_WARN_STRICT_PROTOTYPES = YES;
				CLANG_WARN_SUSPICIOUS_MOVE = YES;
				CLANG_WARN_UNGUARDED_AVAILABILITY = YES_AGGRESSIVE;
				CLANG_WARN_UNREACHABLE_CODE = YES;
				CLANG_WARN__DUPLICATE_METHOD_MATCH = YES;
				COPY_PHASE_STRIP = NO;
				DEBUG_INFORMATION_FORMAT = "dwarf-with-dsym";
				ENABLE_NS_ASSERTIONS = NO;
				ENABLE_STRICT_OBJC_MSGSEND = YES;
				GCC_C_LANGUAGE_STANDARD = gnu11;
				GCC_NO_COMMON_BLOCKS = YES;
				GCC_WARN_64_TO_32_BIT_CONVERSION = YES;
				GCC_WARN_ABOUT_RETURN_TYPE = YES_ERROR;
				GCC_WARN_UNDECLARED_SELECTOR = YES;
				GCC_WARN_UNINITIALIZED_AUTOS = YES_AGGRESSIVE;
				GCC_WARN_UNUSED_FUNCTION = YES;
				GCC_WARN_UNUSED_VARIABLE = YES;
				IPHONEOS_DEPLOYMENT_TARGET = 14.4;
				MTL_ENABLE_DEBUG_INFO = NO;
				MTL_FAST_MATH = YES;
				SDKROOT = iphoneos;
				SWIFT_COMPILATION_MODE = wholemodule;
				SWIFT_OPTIMIZATION_LEVEL = "-O";
				VALIDATE_PRODUCT = YES;
			};
			name = Release;
		};
		A8CE19F92A1327DD009DB7F6 /* Debug */ = {
			isa = XCBuildConfiguration;
			buildSettings = {
				ASSETCATALOG_COMPILER_APPICON_NAME = AppIcon;
				ASSETCATALOG_COMPILER_GLOBAL_ACCENT_COLOR_NAME = AccentColor;
				CODE_SIGN_STYLE = Automatic;
				DEVELOPMENT_ASSET_PATHS = "\"CarnavalFitness/Preview Content\"";
				DEVELOPMENT_TEAM = 6R6MQNLHPL;
				ENABLE_PREVIEWS = YES;
				INFOPLIST_FILE = CarnavalFitness/Info.plist;
				IPHONEOS_DEPLOYMENT_TARGET = 14.0;
				LD_RUNPATH_SEARCH_PATHS = (
					"$(inherited)",
					"@executable_path/Frameworks",
				);
				PRODUCT_BUNDLE_IDENTIFIER = com.CarnavalFitness.CarnavalFitness;
				PRODUCT_NAME = "$(TARGET_NAME)";
				SWIFT_VERSION = 5.0;
				TARGETED_DEVICE_FAMILY = "1,2";
			};
			name = Debug;
		};
		A8CE19FA2A1327DD009DB7F6 /* Release */ = {
			isa = XCBuildConfiguration;
			buildSettings = {
				ASSETCATALOG_COMPILER_APPICON_NAME = AppIcon;
				ASSETCATALOG_COMPILER_GLOBAL_ACCENT_COLOR_NAME = AccentColor;
				CODE_SIGN_STYLE = Automatic;
				DEVELOPMENT_ASSET_PATHS = "\"CarnavalFitness/Preview Content\"";
				DEVELOPMENT_TEAM = 6R6MQNLHPL;
				ENABLE_PREVIEWS = YES;
				INFOPLIST_FILE = CarnavalFitness/Info.plist;
				IPHONEOS_DEPLOYMENT_TARGET = 14.0;
				LD_RUNPATH_SEARCH_PATHS = (
					"$(inherited)",
					"@executable_path/Frameworks",
				);
				PRODUCT_BUNDLE_IDENTIFIER = com.CarnavalFitness.CarnavalFitness;
				PRODUCT_NAME = "$(TARGET_NAME)";
				SWIFT_VERSION = 5.0;
				TARGETED_DEVICE_FAMILY = "1,2";
			};
			name = Release;
		};
/* End XCBuildConfiguration section */

/* Begin XCConfigurationList section */
		A8CE19E42A1327DB009DB7F6 /* Build configuration list for PBXProject "CarnavalFitness" */ = {
			isa = XCConfigurationList;
			buildConfigurations = (
				A8CE19F62A1327DD009DB7F6 /* Debug */,
				A8CE19F72A1327DD009DB7F6 /* Release */,
			);
			defaultConfigurationIsVisible = 0;
			defaultConfigurationName = Release;
		};
		A8CE19F82A1327DD009DB7F6 /* Build configuration list for PBXNativeTarget "CarnavalFitness" */ = {
			isa = XCConfigurationList;
			buildConfigurations = (
				A8CE19F92A1327DD009DB7F6 /* Debug */,
				A8CE19FA2A1327DD009DB7F6 /* Release */,
			);
			defaultConfigurationIsVisible = 0;
			defaultConfigurationName = Release;
		};
/* End XCConfigurationList section */

/* Begin XCRemoteSwiftPackageReference section */
		A8CE1A022A132C0D009DB7F6 /* XCRemoteSwiftPackageReference "Kingfisher" */ = {
			isa = XCRemoteSwiftPackageReference;
			repositoryURL = "https://github.com/onevcat/Kingfisher.git";
			requirement = {
				kind = upToNextMajorVersion;
				minimumVersion = 6.3.1;
			};
		};
/* End XCRemoteSwiftPackageReference section */

/* Begin XCSwiftPackageProductDependency section */
		A8CE1A032A132C0D009DB7F6 /* Kingfisher */ = {
			isa = XCSwiftPackageProductDependency;
			package = A8CE1A022A132C0D009DB7F6 /* XCRemoteSwiftPackageReference "Kingfisher" */;
			productName = Kingfisher;
		};
/* End XCSwiftPackageProductDependency section */
	};
	rootObject = A8CE19E12A1327DB009DB7F6 /* Project object */;
}
